
Microsoft Visual Studio Solution File, Format Version 12.00
# Visual Studio 15
VisualStudioVersion = 15.0.27130.2024
MinimumVisualStudioVersion = 10.0.40219.1
Project("{FAE04EC0-301F-11D3-BF4B-00C04F79EFBC}") = "ContactManager", "ContactManager\ContactManager.csproj", "{59A96F12-0D0C-4014-A210-8C3454C02C43}"
EndProject
Project("{FAE04EC0-301F-11D3-BF4B-00C04F79EFBC}") = "Business", "Business\Business.csproj", "{4B867348-1074-46DE-8E73-03C272B64703}"
EndProject
Global
	GlobalSection(SolutionConfigurationPlatforms) = preSolution
		Debug|Any CPU = Debug|Any CPU
		Release|Any CPU = Release|Any CPU
	EndGlobalSection
	GlobalSection(ProjectConfigurationPlatforms) = postSolution
		{59A96F12-0D0C-4014-A210-8C3454C02C43}.Debug|Any CPU.ActiveCfg = Debug|Any CPU
		{59A96F12-0D0C-4014-A210-8C3454C02C43}.Debug|Any CPU.Build.0 = Debug|Any CPU
		{59A96F12-0D0C-4014-A210-8C3454C02C43}.Release|Any CPU.ActiveCfg = Release|Any CPU
		{59A96F12-0D0C-4014-A210-8C3454C02C43}.Release|Any CPU.Build.0 = Release|Any CPU
		{4B867348-1074-46DE-8E73-03C272B64703}.Debug|Any CPU.ActiveCfg = Debug|Any CPU
		{4B867348-1074-46DE-8E73-03C272B64703}.Debug|Any CPU.Build.0 = Debug|Any CPU
		{4B867348-1074-46DE-8E73-03C272B64703}.Release|Any CPU.ActiveCfg = Release|Any CPU
		{4B867348-1074-46DE-8E73-03C272B64703}.Release|Any CPU.Build.0 = Release|Any CPU
	EndGlobalSection
	GlobalSection(SolutionProperties) = preSolution
		HideSolutionNode = FALSE
	EndGlobalSection
	GlobalSection(ExtensibilityGlobals) = postSolution
		SolutionGuid = {21345F37-A9FA-4F02-8ADE-98EED604EF41}
	EndGlobalSection
EndGlobal
